{
    "_readme": [
        "This file locks the dependencies of your project to a known state",
        "Read more about it at https://getcomposer.org/doc/01-basic-usage.md#installing-dependencies",
        "This file is @generated automatically"
    ],
    "content-hash": "d86b1a9ae7803575b00d3c98d1b161d2",
    "packages": [
        {
            "name": "erusev/parsedown",
            "version": "1.7.1",
            "source": {
                "type": "git",
                "url": "https://github.com/erusev/parsedown.git",
                "reference": "92e9c27ba0e74b8b028b111d1b6f956a15c01fc1"
            },
            "dist": {
                "type": "zip",
                "url": "https://api.github.com/repos/erusev/parsedown/zipball/92e9c27ba0e74b8b028b111d1b6f956a15c01fc1",
                "reference": "92e9c27ba0e74b8b028b111d1b6f956a15c01fc1",
                "shasum": ""
            },
            "require": {
                "ext-mbstring": "*",
                "php": ">=5.3.0"
            },
            "require-dev": {
                "phpunit/phpunit": "^4.8.35"
            },
            "type": "library",
            "autoload": {
                "psr-0": {
                    "Parsedown": ""
                }
            },
            "notification-url": "https://packagist.org/downloads/",
            "license": [
                "MIT"
            ],
            "authors": [
                {
                    "name": "Emanuil Rusev",
                    "email": "hello@erusev.com",
                    "homepage": "http://erusev.com"
                }
            ],
            "description": "Parser for Markdown.",
            "homepage": "http://parsedown.org",
            "keywords": [
                "markdown",
                "parser"
            ],
            "time": "2018-03-08T01:11:30+00:00"
        },
        {
            "name": "miya/custom-field",
            "version": "2.3.0",
            "source": {
                "type": "git",
                "url": "https://github.com/miya0001/custom-field.git",
                "reference": "fc8823f400b34dd7fc9da088c36b0516c607749a"
            },
            "dist": {
                "type": "zip",
                "url": "https://api.github.com/repos/miya0001/custom-field/zipball/fc8823f400b34dd7fc9da088c36b0516c607749a",
                "reference": "fc8823f400b34dd7fc9da088c36b0516c607749a",
                "shasum": ""
            },
            "type": "library",
            "autoload": {
                "psr-4": {
                    "Miya\\WP\\": "src/"
                }
            },
            "notification-url": "https://packagist.org/downloads/",
            "license": [
                "GPL v2"
            ],
            "authors": [
                {
                    "name": "Takayuki Miyauchi",
                    "email": "miya0001@users.noreply.github.com"
                }
            ],
            "time": "2017-09-27T12:22:15+00:00"
        },
        {
            "name": "miya/custom-field-map",
            "version": "3.2.0",
            "source": {
                "type": "git",
                "url": "https://github.com/miya0001/custom-field-map.git",
                "reference": "c62a28055caec08504c7f713f53412451736a9e2"
            },
            "dist": {
                "type": "zip",
                "url": "https://api.github.com/repos/miya0001/custom-field-map/zipball/c62a28055caec08504c7f713f53412451736a9e2",
                "reference": "c62a28055caec08504c7f713f53412451736a9e2",
                "shasum": ""
            },
            "require": {
                "miya/custom-field": "^2.0"
            },
            "type": "library",
            "autoload": {
                "psr-4": {
                    "Miya\\WP\\Custom_Field\\": "src/"
                }
            },
            "notification-url": "https://packagist.org/downloads/",
            "license": [
                "GPL v2"
            ],
            "authors": [
                {
                    "name": "Takayuki Miyauchi",
                    "email": "miya0001@users.noreply.github.com"
                }
            ],
            "time": "2018-07-30T18:34:34+00:00"
        },
        {
            "name": "miya/gh-auto-updater",
            "version": "1.0.1",
            "source": {
                "type": "git",
                "url": "https://github.com/miya0001/gh-auto-updater.git",
                "reference": "b190c6f2740788957a3a7e18a00ddbcfd219e7d9"
            },
            "dist": {
                "type": "zip",
                "url": "https://api.github.com/repos/miya0001/gh-auto-updater/zipball/b190c6f2740788957a3a7e18a00ddbcfd219e7d9",
                "reference": "b190c6f2740788957a3a7e18a00ddbcfd219e7d9",
                "shasum": ""
            },
            "require": {
                "erusev/parsedown": "^1.6"
            },
            "require-dev": {
                "phpunit/phpunit": "^5.6"
            },
            "type": "library",
            "autoload": {
                "psr-4": {
                    "Miya\\WP\\": "src/"
                }
            },
            "notification-url": "https://packagist.org/downloads/",
            "license": [
                "GPL v2"
            ],
            "authors": [
                {
                    "name": "miya0001",
                    "email": "miya@wpist.me"
                }
            ],
            "time": "2017-02-13T01:00:48+00:00"
        }
    ],
    "packages-dev": [],
    "aliases": [],
    "minimum-stability": "stable",
    "stability-flags": [],
    "prefer-stable": false,
    "prefer-lowest": false,
    "platform": [],
    "platform-dev": []
}
